// !$*UTF8*$!
{
	archiveVersion = 1;
	classes = {
	};
	objectVersion = 77;
	objects = {

/* Begin PBXBuildFile section */
		CEF01A722D5467DB005F34D6 /* SnapKit in Frameworks */ = {isa = PBXBuildFile; productRef = CEF01A712D5467DB005F34D6 /* SnapKit */; };
/* End PBXBuildFile section */

/* Begin PBXContainerItemProxy section */
		CEF01A532D546756005F34D6 /* PBXContainerItemProxy */ = {
			isa = PBXContainerItemProxy;
			containerPortal = CEF01A342D546754005F34D6 /* Project object */;
			proxyType = 1;
			remoteGlobalIDString = CEF01A3B2D546754005F34D6;
			remoteInfo = KOKO;
		};
		CEF01A5D2D546756005F34D6 /* PBXContainerItemProxy */ = {
			isa = PBXContainerItemProxy;
			containerPortal = CEF01A342D546754005F34D6 /* Project object */;
			proxyType = 1;
			remoteGlobalIDString = CEF01A3B2D546754005F34D6;
			remoteInfo = KOKO;
		};
/* End PBXContainerItemProxy section */

/* Begin PBXFileReference section */
		CEF01A3C2D546754005F34D6 /* KOKO.app */ = {isa = PBXFileReference; explicitFileType = wrapper.application; includeInIndex = 0; path = KOKO.app; sourceTree = BUILT_PRODUCTS_DIR; };
		CEF01A522D546756005F34D6 /* KOKOTests.xctest */ = {isa = PBXFileReference; explicitFileType = wrapper.cfbundle; includeInIndex = 0; path = KOKOTests.xctest; sourceTree = BUILT_PRODUCTS_DIR; };
		CEF01A5C2D546756005F34D6 /* KOKOUITests.xctest */ = {isa = PBXFileReference; explicitFileType = wrapper.cfbundle; includeInIndex = 0; path = KOKOUITests.xctest; sourceTree = BUILT_PRODUCTS_DIR; };
/* End PBXFileReference section */

/* Begin PBXFileSystemSynchronizedBuildFileExceptionSet section */
		CEF01A642D546756005F34D6 /* Exceptions for "KOKO" folder in "KOKO" target */ = {
			isa = PBXFileSystemSynchronizedBuildFileExceptionSet;
			membershipExceptions = (
				Info.plist,
			);
			target = CEF01A3B2D546754005F34D6 /* KOKO */;
		};
/* End PBXFileSystemSynchronizedBuildFileExceptionSet section */

/* Begin PBXFileSystemSynchronizedRootGroup section */
		CEF01A3E2D546754005F34D6 /* KOKO */ = {
			isa = PBXFileSystemSynchronizedRootGroup;
			exceptions = (
				CEF01A642D546756005F34D6 /* Exceptions for "KOKO" folder in "KOKO" target */,
			);
			path = KOKO;
			sourceTree = "<group>";
		};
		CEF01A552D546756005F34D6 /* KOKOTests */ = {
			isa = PBXFileSystemSynchronizedRootGroup;
			path = KOKOTests;
			sourceTree = "<group>";
		};
		CEF01A5F2D546756005F34D6 /* KOKOUITests */ = {
			isa = PBXFileSystemSynchronizedRootGroup;
			path = KOKOUITests;
			sourceTree = "<group>";
		};
/* End PBXFileSystemSynchronizedRootGroup section */

/* Begin PBXFrameworksBuildPhase section */
		CEF01A392D546754005F34D6 /* Frameworks */ = {
			isa = PBXFrameworksBuildPhase;
			buildActionMask = 2147483647;
			files = (
				CEF01A722D5467DB005F34D6 /* SnapKit in Frameworks */,
			);
			runOnlyForDeploymentPostprocessing = 0;
		};
		CEF01A4F2D546756005F34D6 /* Frameworks */ = {
			isa = PBXFrameworksBuildPhase;
			buildActionMask = 2147483647;
			files = (
			);
			runOnlyForDeploymentPostprocessing = 0;
		};
		CEF01A592D546756005F34D6 /* Frameworks */ = {
			isa = PBXFrameworksBuildPhase;
			buildActionMask = 2147483647;
			files = (
			);
			runOnlyForDeploymentPostprocessing = 0;
		};
/* End PBXFrameworksBuildPhase section */

/* Begin PBXGroup section */
		CEF01A332D546754005F34D6 = {
			isa = PBXGroup;
			children = (
				CEF01A3E2D546754005F34D6 /* KOKO */,
				CEF01A552D546756005F34D6 /* KOKOTests */,
				CEF01A5F2D546756005F34D6 /* KOKOUITests */,
				CEF01A3D2D546754005F34D6 /* Products */,
			);
			sourceTree = "<group>";
		};
		CEF01A3D2D546754005F34D6 /* Products */ = {
			isa = PBXGroup;
			children = (
				CEF01A3C2D546754005F34D6 /* KOKO.app */,
				CEF01A522D546756005F34D6 /* KOKOTests.xctest */,
				CEF01A5C2D546756005F34D6 /* KOKOUITests.xctest */,
			);
			name = Products;
			sourceTree = "<group>";
		};
/* End PBXGroup section */

/* Begin PBXNativeTarget section */
		CEF01A3B2D546754005F34D6 /* KOKO */ = {
			isa = PBXNativeTarget;
			buildConfigurationList = CEF01A652D546756005F34D6 /* Build configuration list for PBXNativeTarget "KOKO" */;
			buildPhases = (
				CEF01A382D546754005F34D6 /* Sources */,
				CEF01A392D546754005F34D6 /* Frameworks */,
				CEF01A3A2D546754005F34D6 /* Resources */,
			);
			buildRules = (
			);
			dependencies = (
			);
			fileSystemSynchronizedGroups = (
				CEF01A3E2D546754005F34D6 /* KOKO */,
			);
			name = KOKO;
			packageProductDependencies = (
				CEF01A712D5467DB005F34D6 /* SnapKit */,
			);
			productName = KOKO;
			productReference = CEF01A3C2D546754005F34D6 /* KOKO.app */;
			productType = "com.apple.product-type.application";
		};
		CEF01A512D546756005F34D6 /* KOKOTests */ = {
			isa = PBXNativeTarget;
			buildConfigurationList = CEF01A6A2D546756005F34D6 /* Build configuration list for PBXNativeTarget "KOKOTests" */;
			buildPhases = (
				CEF01A4E2D546756005F34D6 /* Sources */,
				CEF01A4F2D546756005F34D6 /* Frameworks */,
				CEF01A502D546756005F34D6 /* Resources */,
			);
			buildRules = (
			);
			dependencies = (
				CEF01A542D546756005F34D6 /* PBXTargetDependency */,
			);
			fileSystemSynchronizedGroups = (
				CEF01A552D546756005F34D6 /* KOKOTests */,
			);
			name = KOKOTests;
			packageProductDependencies = (
			);
			productName = KOKOTests;
			productReference = CEF01A522D546756005F34D6 /* KOKOTests.xctest */;
			productType = "com.apple.product-type.bundle.unit-test";
		};
		CEF01A5B2D546756005F34D6 /* KOKOUITests */ = {
			isa = PBXNativeTarget;
			buildConfigurationList = CEF01A6D2D546756005F34D6 /* Build configuration list for PBXNativeTarget "KOKOUITests" */;
			buildPhases = (
				CEF01A582D546756005F34D6 /* Sources */,
				CEF01A592D546756005F34D6 /* Frameworks */,
				CEF01A5A2D546756005F34D6 /* Resources */,
			);
			buildRules = (
			);
			dependencies = (
				CEF01A5E2D546756005F34D6 /* PBXTargetDependency */,
			);
			fileSystemSynchronizedGroups = (
				CEF01A5F2D546756005F34D6 /* KOKOUITests */,
			);
			name = KOKOUITests;
			packageProductDependencies = (
			);
			productName = KOKOUITests;
			productReference = CEF01A5C2D546756005F34D6 /* KOKOUITests.xctest */;
			productType = "com.apple.product-type.bundle.ui-testing";
		};
/* End PBXNativeTarget section */

/* Begin PBXProject section */
		CEF01A342D546754005F34D6 /* Project object */ = {
			isa = PBXProject;
			attributes = {
				BuildIndependentTargetsInParallel = 1;
				LastSwiftUpdateCheck = 1620;
				LastUpgradeCheck = 1620;
				TargetAttributes = {
					CEF01A3B2D546754005F34D6 = {
						CreatedOnToolsVersion = 16.2;
					};
					CEF01A512D546756005F34D6 = {
						CreatedOnToolsVersion = 16.2;
						TestTargetID = CEF01A3B2D546754005F34D6;
					};
					CEF01A5B2D546756005F34D6 = {
						CreatedOnToolsVersion = 16.2;
						TestTargetID = CEF01A3B2D546754005F34D6;
					};
				};
			};
			buildConfigurationList = CEF01A372D546754005F34D6 /* Build configuration list for PBXProject "KOKO" */;
			developmentRegion = en;
			hasScannedForEncodings = 0;
			knownRegions = (
				en,
				Base,
			);
			mainGroup = CEF01A332D546754005F34D6;
			minimizedProjectReferenceProxies = 1;
			packageReferences = (
				CEF01A702D5467DB005F34D6 /* XCRemoteSwiftPackageReference "SnapKit" */,
			);
			preferredProjectObjectVersion = 77;
			productRefGroup = CEF01A3D2D546754005F34D6 /* Products */;
			projectDirPath = "";
			projectRoot = "";
			targets = (
				CEF01A3B2D546754005F34D6 /* KOKO */,
				CEF01A512D546756005F34D6 /* KOKOTests */,
				CEF01A5B2D546756005F34D6 /* KOKOUITests */,
			);
		};
/* End PBXProject section */

/* Begin PBXResourcesBuildPhase section */
		CEF01A3A2D546754005F34D6 /* Resources */ = {
			isa = PBXResourcesBuildPhase;
			buildActionMask = 2147483647;
			files = (
			);
			runOnlyForDeploymentPostprocessing = 0;
		};
		CEF01A502D546756005F34D6 /* Resources */ = {
			isa = PBXResourcesBuildPhase;
			buildActionMask = 2147483647;
			files = (
			);
			runOnlyForDeploymentPostprocessing = 0;
		};
		CEF01A5A2D546756005F34D6 /* Resources */ = {
			isa = PBXResourcesBuildPhase;
			buildActionMask = 2147483647;
			files = (
			);
			runOnlyForDeploymentPostprocessing = 0;
		};
/* End PBXResourcesBuildPhase section */

/* Begin PBXSourcesBuildPhase section */
		CEF01A382D546754005F34D6 /* Sources */ = {
			isa = PBXSourcesBuildPhase;
			buildActionMask = 2147483647;
			files = (
			);
			runOnlyForDeploymentPostprocessing = 0;
		};
		CEF01A4E2D546756005F34D6 /* Sources */ = {
			isa = PBXSourcesBuildPhase;
			buildActionMask = 2147483647;
			files = (
			);
			runOnlyForDeploymentPostprocessing = 0;
		};
		CEF01A582D546756005F34D6 /* Sources */ = {
			isa = PBXSourcesBuildPhase;
			buildActionMask = 2147483647;
			files = (
			);
			runOnlyForDeploymentPostprocessing = 0;
		};
/* End PBXSourcesBuildPhase section */

/* Begin PBXTargetDependency section */
		CEF01A542D546756005F34D6 /* PBXTargetDependency */ = {
			isa = PBXTargetDependency;
			target = CEF01A3B2D546754005F34D6 /* KOKO */;
			targetProxy = CEF01A532D546756005F34D6 /* PBXContainerItemProxy */;
		};
		CEF01A5E2D546756005F34D6 /* PBXTargetDependency */ = {
			isa = PBXTargetDependency;
			target = CEF01A3B2D546754005F34D6 /* KOKO */;
			targetProxy = CEF01A5D2D546756005F34D6 /* PBXContainerItemProxy */;
		};
/* End PBXTargetDependency section */

/* Begin XCBuildConfiguration section */
		CEF01A662D546756005F34D6 /* Debug */ = {
			isa = XCBuildConfiguration;
			buildSettings = {
				ASSETCATALOG_COMPILER_APPICON_NAME = AppIcon;
				ASSETCATALOG_COMPILER_GLOBAL_ACCENT_COLOR_NAME = AccentColor;
				CODE_SIGN_STYLE = Automatic;
				CURRENT_PROJECT_VERSION = 1;
				DEVELOPMENT_TEAM = P3AFKVWDV4;
				GENERATE_INFOPLIST_FILE = YES;
				INFOPLIST_FILE = KOKO/Info.plist;
				INFOPLIST_KEY_UIApplicationSupportsIndirectInputEvents = YES;
				INFOPLIST_KEY_UILaunchStoryboardName = LaunchScreen;
				INFOPLIST_KEY_UIMainStoryboardFile = "";
				INFOPLIST_KEY_UISupportedInterfaceOrientations_iPad = "UIInterfaceOrientationPortrait UIInterfaceOrientationPortraitUpsideDown UIInterfaceOrientationLandscapeLeft UIInterfaceOrientationLandscapeRight";
				INFOPLIST_KEY_UISupportedInterfaceOrientations_iPhone = "UIInterfaceOrientationPortrait UIInterfaceOrientationLandscapeLeft UIInterfaceOrientationLandscapeRight";
				LD_RUNPATH_SEARCH_PATHS = (
					"$(inherited)",
					"@executable_path/Frameworks",
				);
				MARKETING_VERSION = 1.0;
				PRODUCT_BUNDLE_IDENTIFIER = Luke.KOKO;
				PRODUCT_NAME = "$(TARGET_NAME)";
				SWIFT_EMIT_LOC_STRINGS = YES;
				SWIFT_VERSION = 5.0;
				TARGETED_DEVICE_FAMILY = "1,2";
			};
			name = Debug;
		};
		CEF01A672D546756005F34D6 /* Release */ = {
			isa = XCBuildConfiguration;
			buildSettings = {
				ASSETCATALOG_COMPILER_APPICON_NAME = AppIcon;
				ASSETCATALOG_COMPILER_GLOBAL_ACCENT_COLOR_NAME = AccentColor;
				CODE_SIGN_STYLE = Automatic;
				CURRENT_PROJECT_VERSION = 1;
				DEVELOPMENT_TEAM = P3AFKVWDV4;
				GENERATE_INFOPLIST_FILE = YES;
				INFOPLIST_FILE = KOKO/Info.plist;
				INFOPLIST_KEY_UIApplicationSupportsIndirectInputEvents = YES;
				INFOPLIST_KEY_UILaunchStoryboardName = LaunchScreen;
				INFOPLIST_KEY_UIMainStoryboardFile = "";
				INFOPLIST_KEY_UISupportedInterfaceOrientations_iPad = "UIInterfaceOrientationPortrait UIInterfaceOrientationPortraitUpsideDown UIInterfaceOrientationLandscapeLeft UIInterfaceOrientationLandscapeRight";
				INFOPLIST_KEY_UISupportedInterfaceOrientations_iPhone = "UIInterfaceOrientationPortrait UIInterfaceOrientationLandscapeLeft UIInterfaceOrientationLandscapeRight";
				LD_RUNPATH_SEARCH_PATHS = (
					"$(inherited)",
					"@executable_path/Frameworks",
				);
				MARKETING_VERSION = 1.0;
				PRODUCT_BUNDLE_IDENTIFIER = Luke.KOKO;
				PRODUCT_NAME = "$(TARGET_NAME)";
				SWIFT_EMIT_LOC_STRINGS = YES;
				SWIFT_VERSION = 5.0;
				TARGETED_DEVICE_FAMILY = "1,2";
			};
			name = Release;
		};
		CEF01A682D546756005F34D6 /* Debug */ = {
			isa = XCBuildConfiguration;
			buildSettings = {
				ALWAYS_SEARCH_USER_PATHS = NO;
				ASSETCATALOG_COMPILER_GENERATE_SWIFT_ASSET_SYMBOL_EXTENSIONS = YES;
				CLANG_ANALYZER_NONNULL = YES;
				CLANG_ANALYZER_NUMBER_OBJECT_CONVERSION = YES_AGGRESSIVE;
				CLANG_CXX_LANGUAGE_STANDARD = "gnu++20";
				CLANG_ENABLE_MODULES = YES;
				CLANG_ENABLE_OBJC_ARC = YES;
				CLANG_ENABLE_OBJC_WEAK = YES;
				CLANG_WARN_BLOCK_CAPTURE_AUTORELEASING = YES;
				CLANG_WARN_BOOL_CONVERSION = YES;
				CLANG_WARN_COMMA = YES;
				CLANG_WARN_CONSTANT_CONVERSION = YES;
				CLANG_WARN_DEPRECATED_OBJC_IMPLEMENTATIONS = YES;
				CLANG_WARN_DIRECT_OBJC_ISA_USAGE = YES_ERROR;
				CLANG_WARN_DOCUMENTATION_COMMENTS = YES;
				CLANG_WARN_EMPTY_BODY = YES;
				CLANG_WARN_ENUM_CONVERSION = YES;
				CLANG_WARN_INFINITE_RECURSION = YES;
				CLANG_WARN_INT_CONVERSION = YES;
				CLANG_WARN_NON_LITERAL_NULL_CONVERSION = YES;
				CLANG_WARN_OBJC_IMPLICIT_RETAIN_SELF = YES;
				CLANG_WARN_OBJC_LITERAL_CONVERSION = YES;
				CLANG_WARN_OBJC_ROOT_CLASS = YES_ERROR;
				CLANG_WARN_QUOTED_INCLUDE_IN_FRAMEWORK_HEADER = YES;
				CLANG_WARN_RANGE_LOOP_ANALYSIS = YES;
				CLANG_WARN_STRICT_PROTOTYPES = YES;
				CLANG_WARN_SUSPICIOUS_MOVE = YES;
				CLANG_WARN_UNGUARDED_AVAILABILITY = YES_AGGRESSIVE;
				CLANG_WARN_UNREACHABLE_CODE = YES;
				CLANG_WARN__DUPLICATE_METHOD_MATCH = YES;
				COPY_PHASE_STRIP = NO;
				DEBUG_INFORMATION_FORMAT = dwarf;
				ENABLE_STRICT_OBJC_MSGSEND = YES;
				ENABLE_TESTABILITY = YES;
				ENABLE_USER_SCRIPT_SANDBOXING = YES;
				GCC_C_LANGUAGE_STANDARD = gnu17;
				GCC_DYNAMIC_NO_PIC = NO;
				GCC_NO_COMMON_BLOCKS = YES;
				GCC_OPTIMIZATION_LEVEL = 0;
				GCC_PREPROCESSOR_DEFINITIONS = (
					"DEBUG=1",
					"$(inherited)",
				);
				GCC_WARN_64_TO_32_BIT_CONVERSION = YES;
				GCC_WARN_ABOUT_RETURN_TYPE = YES_ERROR;
				GCC_WARN_UNDECLARED_SELECTOR = YES;
				GCC_WARN_UNINITIALIZED_AUTOS = YES_AGGRESSIVE;
				GCC_WARN_UNUSED_FUNCTION = YES;
				GCC_WARN_UNUSED_VARIABLE = YES;
				IPHONEOS_DEPLOYMENT_TARGET = 18.2;
				LOCALIZATION_PREFERS_STRING_CATALOGS = YES;
				MTL_ENABLE_DEBUG_INFO = INCLUDE_SOURCE;
				MTL_FAST_MATH = YES;
				ONLY_ACTIVE_ARCH = YES;
				SDKROOT = iphoneos;
				SWIFT_ACTIVE_COMPILATION_CONDITIONS = "DEBUG $(inherited)";
				SWIFT_OPTIMIZATION_LEVEL = "-Onone";
			};
			name = Debug;
		};
		CEF01A692D546756005F34D6 /* Release */ = {
			isa = XCBuildConfiguration;
			buildSettings = {
				ALWAYS_SEARCH_USER_PATHS = NO;
				ASSETCATALOG_COMPILER_GENERATE_SWIFT_ASSET_SYMBOL_EXTENSIONS = YES;
				CLANG_ANALYZER_NONNULL = YES;
				CLANG_ANALYZER_NUMBER_OBJECT_CONVERSION = YES_AGGRESSIVE;
				CLANG_CXX_LANGUAGE_STANDARD = "gnu++20";
				CLANG_ENABLE_MODULES = YES;
				CLANG_ENABLE_OBJC_ARC = YES;
				CLANG_ENABLE_OBJC_WEAK = YES;
				CLANG_WARN_BLOCK_CAPTURE_AUTORELEASING = YES;
				CLANG_WARN_BOOL_CONVERSION = YES;
				CLANG_WARN_COMMA = YES;
				CLANG_WARN_CONSTANT_CONVERSION = YES;
				CLANG_WARN_DEPRECATED_OBJC_IMPLEMENTATIONS = YES;
				CLANG_WARN_DIRECT_OBJC_ISA_USAGE = YES_ERROR;
				CLANG_WARN_DOCUMENTATION_COMMENTS = YES;
				CLANG_WARN_EMPTY_BODY = YES;
				CLANG_WARN_ENUM_CONVERSION = YES;
				CLANG_WARN_INFINITE_RECURSION = YES;
				CLANG_WARN_INT_CONVERSION = YES;
				CLANG_WARN_NON_LITERAL_NULL_CONVERSION = YES;
				CLANG_WARN_OBJC_IMPLICIT_RETAIN_SELF = YES;
				CLANG_WARN_OBJC_LITERAL_CONVERSION = YES;
				CLANG_WARN_OBJC_ROOT_CLASS = YES_ERROR;
				CLANG_WARN_QUOTED_INCLUDE_IN_FRAMEWORK_HEADER = YES;
				CLANG_WARN_RANGE_LOOP_ANALYSIS = YES;
				CLANG_WARN_STRICT_PROTOTYPES = YES;
				CLANG_WARN_SUSPICIOUS_MOVE = YES;
				CLANG_WARN_UNGUARDED_AVAILABILITY = YES_AGGRESSIVE;
				CLANG_WARN_UNREACHABLE_CODE = YES;
				CLANG_WARN__DUPLICATE_METHOD_MATCH = YES;
				COPY_PHASE_STRIP = NO;
				DEBUG_INFORMATION_FORMAT = "dwarf-with-dsym";
				ENABLE_NS_ASSERTIONS = NO;
				ENABLE_STRICT_OBJC_MSGSEND = YES;
				ENABLE_USER_SCRIPT_SANDBOXING = YES;
				GCC_C_LANGUAGE_STANDARD = gnu17;
				GCC_NO_COMMON_BLOCKS = YES;
				GCC_WARN_64_TO_32_BIT_CONVERSION = YES;
				GCC_WARN_ABOUT_RETURN_TYPE = YES_ERROR;
				GCC_WARN_UNDECLARED_SELECTOR = YES;
				GCC_WARN_UNINITIALIZED_AUTOS = YES_AGGRESSIVE;
				GCC_WARN_UNUSED_FUNCTION = YES;
				GCC_WARN_UNUSED_VARIABLE = YES;
				IPHONEOS_DEPLOYMENT_TARGET = 18.2;
				LOCALIZATION_PREFERS_STRING_CATALOGS = YES;
				MTL_ENABLE_DEBUG_INFO = NO;
				MTL_FAST_MATH = YES;
				SDKROOT = iphoneos;
				SWIFT_COMPILATION_MODE = wholemodule;
				VALIDATE_PRODUCT = YES;
			};
			name = Release;
		};
		CEF01A6B2D546756005F34D6 /* Debug */ = {
			isa = XCBuildConfiguration;
			buildSettings = {
				BUNDLE_LOADER = "$(TEST_HOST)";
				CODE_SIGN_STYLE = Automatic;
				CURRENT_PROJECT_VERSION = 1;
				DEVELOPMENT_TEAM = P3AFKVWDV4;
				GENERATE_INFOPLIST_FILE = YES;
				IPHONEOS_DEPLOYMENT_TARGET = 18.2;
				MARKETING_VERSION = 1.0;
				PRODUCT_BUNDLE_IDENTIFIER = Luke.KOKOTests;
				PRODUCT_NAME = "$(TARGET_NAME)";
				SWIFT_EMIT_LOC_STRINGS = NO;
				SWIFT_VERSION = 5.0;
				TARGETED_DEVICE_FAMILY = "1,2";
				TEST_HOST = "$(BUILT_PRODUCTS_DIR)/KOKO.app/$(BUNDLE_EXECUTABLE_FOLDER_PATH)/KOKO";
			};
			name = Debug;
		};
		CEF01A6C2D546756005F34D6 /* Release */ = {
			isa = XCBuildConfiguration;
			buildSettings = {
				BUNDLE_LOADER = "$(TEST_HOST)";
				CODE_SIGN_STYLE = Automatic;
				CURRENT_PROJECT_VERSION = 1;
				DEVELOPMENT_TEAM = P3AFKVWDV4;
				GENERATE_INFOPLIST_FILE = YES;
				IPHONEOS_DEPLOYMENT_TARGET = 18.2;
				MARKETING_VERSION = 1.0;
				PRODUCT_BUNDLE_IDENTIFIER = Luke.KOKOTests;
				PRODUCT_NAME = "$(TARGET_NAME)";
				SWIFT_EMIT_LOC_STRINGS = NO;
				SWIFT_VERSION = 5.0;
				TARGETED_DEVICE_FAMILY = "1,2";
				TEST_HOST = "$(BUILT_PRODUCTS_DIR)/KOKO.app/$(BUNDLE_EXECUTABLE_FOLDER_PATH)/KOKO";
			};
			name = Release;
		};
		CEF01A6E2D546756005F34D6 /* Debug */ = {
			isa = XCBuildConfiguration;
			buildSettings = {
				CODE_SIGN_STYLE = Automatic;
				CURRENT_PROJECT_VERSION = 1;
				DEVELOPMENT_TEAM = P3AFKVWDV4;
				GENERATE_INFOPLIST_FILE = YES;
				MARKETING_VERSION = 1.0;
				PRODUCT_BUNDLE_IDENTIFIER = Luke.KOKOUITests;
				PRODUCT_NAME = "$(TARGET_NAME)";
				SWIFT_EMIT_LOC_STRINGS = NO;
				SWIFT_VERSION = 5.0;
				TARGETED_DEVICE_FAMILY = "1,2";
				TEST_TARGET_NAME = KOKO;
			};
			name = Debug;
		};
		CEF01A6F2D546756005F34D6 /* Release */ = {
			isa = XCBuildConfiguration;
			buildSettings = {
				CODE_SIGN_STYLE = Automatic;
				CURRENT_PROJECT_VERSION = 1;
				DEVELOPMENT_TEAM = P3AFKVWDV4;
				GENERATE_INFOPLIST_FILE = YES;
				MARKETING_VERSION = 1.0;
				PRODUCT_BUNDLE_IDENTIFIER = Luke.KOKOUITests;
				PRODUCT_NAME = "$(TARGET_NAME)";
				SWIFT_EMIT_LOC_STRINGS = NO;
				SWIFT_VERSION = 5.0;
				TARGETED_DEVICE_FAMILY = "1,2";
				TEST_TARGET_NAME = KOKO;
			};
			name = Release;
		};
/* End XCBuildConfiguration section */

/* Begin XCConfigurationList section */
		CEF01A372D546754005F34D6 /* Build configuration list for PBXProject "KOKO" */ = {
			isa = XCConfigurationList;
			buildConfigurations = (
				CEF01A682D546756005F34D6 /* Debug */,
				CEF01A692D546756005F34D6 /* Release */,
			);
			defaultConfigurationIsVisible = 0;
			defaultConfigurationName = Release;
		};
		CEF01A652D546756005F34D6 /* Build configuration list for PBXNativeTarget "KOKO" */ = {
			isa = XCConfigurationList;
			buildConfigurations = (
				CEF01A662D546756005F34D6 /* Debug */,
				CEF01A672D546756005F34D6 /* Release */,
			);
			defaultConfigurationIsVisible = 0;
			defaultConfigurationName = Release;
		};
		CEF01A6A2D546756005F34D6 /* Build configuration list for PBXNativeTarget "KOKOTests" */ = {
			isa = XCConfigurationList;
			buildConfigurations = (
				CEF01A6B2D546756005F34D6 /* Debug */,
				CEF01A6C2D546756005F34D6 /* Release */,
			);
			defaultConfigurationIsVisible = 0;
			defaultConfigurationName = Release;
		};
		CEF01A6D2D546756005F34D6 /* Build configuration list for PBXNativeTarget "KOKOUITests" */ = {
			isa = XCConfigurationList;
			buildConfigurations = (
				CEF01A6E2D546756005F34D6 /* Debug */,
				CEF01A6F2D546756005F34D6 /* Release */,
			);
			defaultConfigurationIsVisible = 0;
			defaultConfigurationName = Release;
		};
/* End XCConfigurationList section */

/* Begin XCRemoteSwiftPackageReference section */
		CEF01A702D5467DB005F34D6 /* XCRemoteSwiftPackageReference "SnapKit" */ = {
			isa = XCRemoteSwiftPackageReference;
			repositoryURL = "https://github.com/SnapKit/SnapKit";
			requirement = {
				kind = upToNextMajorVersion;
				minimumVersion = 5.7.1;
			};
		};
/* End XCRemoteSwiftPackageReference section */

/* Begin XCSwiftPackageProductDependency section */
		CEF01A712D5467DB005F34D6 /* SnapKit */ = {
			isa = XCSwiftPackageProductDependency;
			package = CEF01A702D5467DB005F34D6 /* XCRemoteSwiftPackageReference "SnapKit" */;
			productName = SnapKit;
		};
/* End XCSwiftPackageProductDependency section */
	};
	rootObject = CEF01A342D546754005F34D6 /* Project object */;
}
